lockfileVersion: 5.4

specifiers:
  '@kokkoro/utils': ^0.2.0
  '@types/node': ^18.11.18

dependencies:
  '@kokkoro/utils': 0.2.0

devDependencies:
  '@types/node': 18.11.18

packages:

  /@kokkoro/utils/0.2.0:
    resolution: {integrity: sha512-TxShaTMdUpDBUiVdB1bKL6PYU5NQq0hfKNuGq9PVUZp0rI0TCEPLZWgj0yZayuUBB/rGPH+JxXeaviBUGBYFtw==}
    dev: false

  /@types/node/18.11.18:
    resolution: {integrity: sha512-DHQpWGjyQKSHj3ebjFI/wRKcqQcdR+MoFBygntYOZytCqNfkd2ZC4ARDJ2DQqhjH5p85Nnd3jhUJIXrszFX/JA==}
    dev: true
