lockfileVersion: 5.4

specifiers:
  '@kokkoro/utils': ^0.5.0
  '@types/node': ^18.11.18

dependencies:
  '@kokkoro/utils': 0.5.0

devDependencies:
  '@types/node': 18.11.18

packages:

  /@kokkoro/utils/0.5.0:
    resolution: {integrity: sha512-5N/stT3uIfy9swiDuZC+yJcmWgHCKg7nXVBX0Ney2w94EzZAsZkv3qvna7Lsyh6ctApsVNxhR4E7V48y9WU0bQ==}
    dev: false

  /@types/node/18.11.18:
    resolution: {integrity: sha512-DHQpWGjyQKSHj3ebjFI/wRKcqQcdR+MoFBygntYOZytCqNfkd2ZC4ARDJ2DQqhjH5p85Nnd3jhUJIXrszFX/JA==}
    dev: true
